
Microsoft Visual Studio Solution File, Format Version 12.00
# Visual Studio Version 17
VisualStudioVersion = 17.3.32825.248
MinimumVisualStudioVersion = 10.0.40219.1
Project("{9A19103F-16F7-4668-BE54-9A1E7A4F7556}") = "KeibaRankChecker", "KeibaRankChecker\KeibaRankChecker.csproj", "{737ABDE6-A71C-408A-B75F-9C7F2875E2F7}"
EndProject
Project("{FAE04EC0-301F-11D3-BF4B-00C04F79EFBC}") = "SeleniumMock", "SeleniumMock\SeleniumMock.csproj", "{46DB5A9C-D08B-4DF0-93C5-DE73F3915571}"
EndProject
Global
	GlobalSection(SolutionConfigurationPlatforms) = preSolution
		Debug|Any CPU = Debug|Any CPU
		Release|Any CPU = Release|Any CPU
	EndGlobalSection
	GlobalSection(ProjectConfigurationPlatforms) = postSolution
		{737ABDE6-A71C-408A-B75F-9C7F2875E2F7}.Debug|Any CPU.ActiveCfg = Debug|Any CPU
		{737ABDE6-A71C-408A-B75F-9C7F2875E2F7}.Debug|Any CPU.Build.0 = Debug|Any CPU
		{737ABDE6-A71C-408A-B75F-9C7F2875E2F7}.Release|Any CPU.ActiveCfg = Release|Any CPU
		{737ABDE6-A71C-408A-B75F-9C7F2875E2F7}.Release|Any CPU.Build.0 = Release|Any CPU
		{46DB5A9C-D08B-4DF0-93C5-DE73F3915571}.Debug|Any CPU.ActiveCfg = Debug|Any CPU
		{46DB5A9C-D08B-4DF0-93C5-DE73F3915571}.Debug|Any CPU.Build.0 = Debug|Any CPU
		{46DB5A9C-D08B-4DF0-93C5-DE73F3915571}.Release|Any CPU.ActiveCfg = Release|Any CPU
		{46DB5A9C-D08B-4DF0-93C5-DE73F3915571}.Release|Any CPU.Build.0 = Release|Any CPU
	EndGlobalSection
	GlobalSection(SolutionProperties) = preSolution
		HideSolutionNode = FALSE
	EndGlobalSection
	GlobalSection(ExtensibilityGlobals) = postSolution
		SolutionGuid = {8267A5C8-E87A-4FB0-9D52-90D3A1B098B5}
	EndGlobalSection
EndGlobal
